{
  "name": "workspace",
  "lockfileVersion": 3,
  "requires": true,
  "packages": {
    "": {
      "dependencies": {
        "posthog-js": "^1.268.1"
      }
    },
    "node_modules/@posthog/core": {
      "version": "1.1.0",
      "resolved": "https://registry.npmjs.org/@posthog/core/-/core-1.1.0.tgz",
      "integrity": "sha512-igElrcnRPJh2nWYACschjH4OwGwzSa6xVFzRDVzpnjirUivdJ8nv4hE+H31nvwE56MFhvvglfHuotnWLMcRW7w==",
      "license": "MIT"
    },
    "node_modules/core-js": {
      "version": "3.45.1",
      "resolved": "https://registry.npmjs.org/core-js/-/core-js-3.45.1.tgz",
      "integrity": "sha512-L4NPsJlCfZsPeXukyzHFlg/i7IIVwHSItR0wg0FLNqYClJ4MQYTYLbC7EkjKYRLZF2iof2MUgN0EGy7MdQFChg==",
      "hasInstallScript": true,
      "license": "MIT",
      "funding": {
        "type": "opencollective",
        "url": "https://opencollective.com/core-js"
      }
    },
    "node_modules/fflate": {
      "version": "0.4.8",
      "resolved": "https://registry.npmjs.org/fflate/-/fflate-0.4.8.tgz",
      "integrity": "sha512-FJqqoDBR00Mdj9ppamLa/Y7vxm+PRmNWA67N846RvsoYVMKB4q3y/de5PA7gUmRMYK/8CMz2GDZQmCRN1wBcWA==",
      "license": "MIT"
    },
    "node_modules/posthog-js": {
      "version": "1.268.1",
      "resolved": "https://registry.npmjs.org/posthog-js/-/posthog-js-1.268.1.tgz",
      "integrity": "sha512-vkV8vFHUWtPsFeHZCCszGdnLxKJn93UVw7a7SZGTJyyQ3JBC1Sydy4DvolnDt2IhqIUZCs9ljwqaUXcITqLoEg==",
      "license": "SEE LICENSE IN LICENSE",
      "dependencies": {
        "@posthog/core": "1.1.0",
        "core-js": "^3.38.1",
        "fflate": "^0.4.8",
        "preact": "^10.19.3",
        "web-vitals": "^4.2.4"
      },
      "peerDependencies": {
        "@rrweb/types": "2.0.0-alpha.17",
        "rrweb-snapshot": "2.0.0-alpha.17"
      },
      "peerDependenciesMeta": {
        "@rrweb/types": {
          "optional": true
        },
        "rrweb-snapshot": {
          "optional": true
        }
      }
    },
    "node_modules/preact": {
      "version": "10.27.2",
      "resolved": "https://registry.npmjs.org/preact/-/preact-10.27.2.tgz",
      "integrity": "sha512-5SYSgFKSyhCbk6SrXyMpqjb5+MQBgfvEKE/OC+PujcY34sOpqtr+0AZQtPYx5IA6VxynQ7rUPCtKzyovpj9Bpg==",
      "license": "MIT",
      "funding": {
        "type": "opencollective",
        "url": "https://opencollective.com/preact"
      }
    },
    "node_modules/web-vitals": {
      "version": "4.2.4",
      "resolved": "https://registry.npmjs.org/web-vitals/-/web-vitals-4.2.4.tgz",
      "integrity": "sha512-r4DIlprAGwJ7YM11VZp4R884m0Vmgr6EAKe3P+kO0PPj3Unqyvv59rczf6UiGcb9Z8QxZVcqKNwv/g0WNdWwsw==",
      "license": "Apache-2.0"
    }
  }
}
